
Microsoft Visual Studio Solution File, Format Version 12.00
# Visual Studio Version 17
VisualStudioVersion = 17.8.34525.116
MinimumVisualStudioVersion = 10.0.40219.1
Project("{2150E333-8FDC-42A3-9474-1A3956D46DE8}") = "Solution Items", "Solution Items", "{51385BB3-A9CC-450D-B934-FDB2B3C491BE}"
	ProjectSection(SolutionItems) = preProject
		.editorconfig = .editorconfig
		.gitattributes = .gitattributes
		.gitignore = .gitignore
		Contributor.md = Contributor.md
		Icon.png = Icon.png
		Icon.psd = Icon.psd
		LICENSE.txt = LICENSE.txt
		PrivacyPolicy.md = PrivacyPolicy.md
		README.md = README.md
		TermsOfService.md = TermsOfService.md
	EndProjectSection
EndProject
Project("{9A19103F-16F7-4668-BE54-9A1E7A4F7556}") = "PSLDiscordBot.Framework", "PSLDiscordBot.Framework\PSLDiscordBot.Framework.csproj", "{AE8CAEF2-A6CB-4894-9599-F150B528C029}"
EndProject
Project("{9A19103F-16F7-4668-BE54-9A1E7A4F7556}") = "PSLDiscordBot.Core", "PSLDiscordBot.Core\PSLDiscordBot.Core.csproj", "{3915BB53-A1A0-4C0B-AD9D-7C323B4FD18F}"
EndProject
Project("{9A19103F-16F7-4668-BE54-9A1E7A4F7556}") = "CoreRunHelper", "CoreRunHelper\CoreRunHelper.csproj", "{5438F42F-BFF2-4A08-BBB5-A02A28F25D6B}"
EndProject
Project("{9A19103F-16F7-4668-BE54-9A1E7A4F7556}") = "PSLDiscordBot.Analyzer", "PSLDiscordBot.Analyzer\PSLDiscordBot.Analyzer.csproj", "{3D202097-D25F-4D20-A63E-4B6575FC8795}"
EndProject
Project("{2150E333-8FDC-42A3-9474-1A3956D46DE8}") = "Documentation", "Documentation", "{02EA681E-C7D8-13C7-8484-4AC65E1B71E8}"
	ProjectSection(SolutionItems) = preProject
		Documentation\help.md = Documentation\help.md
		usage.md = usage.md
	EndProjectSection
EndProject
Project("{FAE04EC0-301F-11D3-BF4B-00C04F79EFBC}") = "AssemblyFixer", "AssemblyFixer\AssemblyFixer.csproj", "{FDF2B8BA-9DCA-43FD-BB1C-144232ECCB77}"
EndProject
Global
	GlobalSection(SolutionConfigurationPlatforms) = preSolution
		Debug|Any CPU = Debug|Any CPU
		Release|Any CPU = Release|Any CPU
	EndGlobalSection
	GlobalSection(ProjectConfigurationPlatforms) = postSolution
		{AE8CAEF2-A6CB-4894-9599-F150B528C029}.Debug|Any CPU.ActiveCfg = Debug|Any CPU
		{AE8CAEF2-A6CB-4894-9599-F150B528C029}.Debug|Any CPU.Build.0 = Debug|Any CPU
		{AE8CAEF2-A6CB-4894-9599-F150B528C029}.Release|Any CPU.ActiveCfg = Release|Any CPU
		{AE8CAEF2-A6CB-4894-9599-F150B528C029}.Release|Any CPU.Build.0 = Release|Any CPU
		{3915BB53-A1A0-4C0B-AD9D-7C323B4FD18F}.Debug|Any CPU.ActiveCfg = Debug|Any CPU
		{3915BB53-A1A0-4C0B-AD9D-7C323B4FD18F}.Debug|Any CPU.Build.0 = Debug|Any CPU
		{3915BB53-A1A0-4C0B-AD9D-7C323B4FD18F}.Release|Any CPU.ActiveCfg = Release|Any CPU
		{3915BB53-A1A0-4C0B-AD9D-7C323B4FD18F}.Release|Any CPU.Build.0 = Release|Any CPU
		{5438F42F-BFF2-4A08-BBB5-A02A28F25D6B}.Debug|Any CPU.ActiveCfg = Debug|Any CPU
		{5438F42F-BFF2-4A08-BBB5-A02A28F25D6B}.Debug|Any CPU.Build.0 = Debug|Any CPU
		{5438F42F-BFF2-4A08-BBB5-A02A28F25D6B}.Release|Any CPU.ActiveCfg = Release|Any CPU
		{5438F42F-BFF2-4A08-BBB5-A02A28F25D6B}.Release|Any CPU.Build.0 = Release|Any CPU
		{3D202097-D25F-4D20-A63E-4B6575FC8795}.Debug|Any CPU.ActiveCfg = Release|Any CPU
		{3D202097-D25F-4D20-A63E-4B6575FC8795}.Debug|Any CPU.Build.0 = Release|Any CPU
		{3D202097-D25F-4D20-A63E-4B6575FC8795}.Release|Any CPU.ActiveCfg = Release|Any CPU
		{3D202097-D25F-4D20-A63E-4B6575FC8795}.Release|Any CPU.Build.0 = Release|Any CPU
		{FDF2B8BA-9DCA-43FD-BB1C-144232ECCB77}.Debug|Any CPU.ActiveCfg = Debug|Any CPU
		{FDF2B8BA-9DCA-43FD-BB1C-144232ECCB77}.Debug|Any CPU.Build.0 = Debug|Any CPU
		{FDF2B8BA-9DCA-43FD-BB1C-144232ECCB77}.Release|Any CPU.ActiveCfg = Release|Any CPU
		{FDF2B8BA-9DCA-43FD-BB1C-144232ECCB77}.Release|Any CPU.Build.0 = Release|Any CPU
	EndGlobalSection
	GlobalSection(SolutionProperties) = preSolution
		HideSolutionNode = FALSE
	EndGlobalSection
	GlobalSection(NestedProjects) = preSolution
		{02EA681E-C7D8-13C7-8484-4AC65E1B71E8} = {51385BB3-A9CC-450D-B934-FDB2B3C491BE}
	EndGlobalSection
	GlobalSection(ExtensibilityGlobals) = postSolution
		SolutionGuid = {F7636601-8E14-48A4-A5DF-E8EFCDD1770A}
	EndGlobalSection
EndGlobal
